// !$*UTF8*$!
{
	archiveVersion = 1;
	classes = {
	};
	objectVersion = 50;
	objects = {

/* Begin PBXBuildFile section */
		3A27BB982332847400367728 /* AppDelegate.swift in Sources */ = {isa = PBXBuildFile; fileRef = 3A27BB972332847400367728 /* AppDelegate.swift */; };
		3A27BB9A2332847400367728 /* ViewController.swift in Sources */ = {isa = PBXBuildFile; fileRef = 3A27BB992332847400367728 /* ViewController.swift */; };
		3A27BB9D2332847400367728 /* Main.storyboard in Resources */ = {isa = PBXBuildFile; fileRef = 3A27BB9B2332847400367728 /* Main.storyboard */; };
		3A27BB9F2332847500367728 /* Assets.xcassets in Resources */ = {isa = PBXBuildFile; fileRef = 3A27BB9E2332847500367728 /* Assets.xcassets */; };
		3A27BBA22332847500367728 /* LaunchScreen.storyboard in Resources */ = {isa = PBXBuildFile; fileRef = 3A27BBA02332847500367728 /* LaunchScreen.storyboard */; };
		3A27BBAD2332847500367728 /* gameConcentrateTests.swift in Sources */ = {isa = PBXBuildFile; fileRef = 3A27BBAC2332847500367728 /* gameConcentrateTests.swift */; };
		3A27BBB82332847500367728 /* gameConcentrateUITests.swift in Sources */ = {isa = PBXBuildFile; fileRef = 3A27BBB72332847500367728 /* gameConcentrateUITests.swift */; };
		3A3FA0F82336173D00748729 /* Concentration.swift in Sources */ = {isa = PBXBuildFile; fileRef = 3A3FA0F72336173D00748729 /* Concentration.swift */; };
		3A3FA0FA2336183B00748729 /* Card.swift in Sources */ = {isa = PBXBuildFile; fileRef = 3A3FA0F92336183B00748729 /* Card.swift */; };
/* End PBXBuildFile section */

/* Begin PBXContainerItemProxy section */
		3A27BBA92332847500367728 /* PBXContainerItemProxy */ = {
			isa = PBXContainerItemProxy;
			containerPortal = 3A27BB8C2332847400367728 /* Project object */;
			proxyType = 1;
			remoteGlobalIDString = 3A27BB932332847400367728;
			remoteInfo = gameConcentrate;
		};
		3A27BBB42332847500367728 /* PBXContainerItemProxy */ = {
			isa = PBXContainerItemProxy;
			containerPortal = 3A27BB8C2332847400367728 /* Project object */;
			proxyType = 1;
			remoteGlobalIDString = 3A27BB932332847400367728;
			remoteInfo = gameConcentrate;
		};
/* End PBXContainerItemProxy section */

/* Begin PBXFileReference section */
		3A27BB942332847400367728 /* gameConcentrate.app */ = {isa = PBXFileReference; explicitFileType = wrapper.application; includeInIndex = 0; path = gameConcentrate.app; sourceTree = BUILT_PRODUCTS_DIR; };
		3A27BB972332847400367728 /* AppDelegate.swift */ = {isa = PBXFileReference; lastKnownFileType = sourcecode.swift; path = AppDelegate.swift; sourceTree = "<group>"; };
		3A27BB992332847400367728 /* ViewController.swift */ = {isa = PBXFileReference; lastKnownFileType = sourcecode.swift; path = ViewController.swift; sourceTree = "<group>"; };
		3A27BB9C2332847400367728 /* Base */ = {isa = PBXFileReference; lastKnownFileType = file.storyboard; name = Base; path = Base.lproj/Main.storyboard; sourceTree = "<group>"; };
		3A27BB9E2332847500367728 /* Assets.xcassets */ = {isa = PBXFileReference; lastKnownFileType = folder.assetcatalog; path = Assets.xcassets; sourceTree = "<group>"; };
		3A27BBA12332847500367728 /* Base */ = {isa = PBXFileReference; lastKnownFileType = file.storyboard; name = Base; path = Base.lproj/LaunchScreen.storyboard; sourceTree = "<group>"; };
		3A27BBA32332847500367728 /* Info.plist */ = {isa = PBXFileReference; lastKnownFileType = text.plist.xml; path = Info.plist; sourceTree = "<group>"; };
		3A27BBA82332847500367728 /* gameConcentrateTests.xctest */ = {isa = PBXFileReference; explicitFileType = wrapper.cfbundle; includeInIndex = 0; path = gameConcentrateTests.xctest; sourceTree = BUILT_PRODUCTS_DIR; };
		3A27BBAC2332847500367728 /* gameConcentrateTests.swift */ = {isa = PBXFileReference; lastKnownFileType = sourcecode.swift; path = gameConcentrateTests.swift; sourceTree = "<group>"; };
		3A27BBAE2332847500367728 /* Info.plist */ = {isa = PBXFileReference; lastKnownFileType = text.plist.xml; path = Info.plist; sourceTree = "<group>"; };
		3A27BBB32332847500367728 /* gameConcentrateUITests.xctest */ = {isa = PBXFileReference; explicitFileType = wrapper.cfbundle; includeInIndex = 0; path = gameConcentrateUITests.xctest; sourceTree = BUILT_PRODUCTS_DIR; };
		3A27BBB72332847500367728 /* gameConcentrateUITests.swift */ = {isa = PBXFileReference; lastKnownFileType = sourcecode.swift; path = gameConcentrateUITests.swift; sourceTree = "<group>"; };
		3A27BBB92332847500367728 /* Info.plist */ = {isa = PBXFileReference; lastKnownFileType = text.plist.xml; path = Info.plist; sourceTree = "<group>"; };
		3A3FA0F72336173D00748729 /* Concentration.swift */ = {isa = PBXFileReference; lastKnownFileType = sourcecode.swift; path = Concentration.swift; sourceTree = "<group>"; };
		3A3FA0F92336183B00748729 /* Card.swift */ = {isa = PBXFileReference; lastKnownFileType = sourcecode.swift; path = Card.swift; sourceTree = "<group>"; };
/* End PBXFileReference section */

/* Begin PBXFrameworksBuildPhase section */
		3A27BB912332847400367728 /* Frameworks */ = {
			isa = PBXFrameworksBuildPhase;
			buildActionMask = 2147483647;
			files = (
			);
			runOnlyForDeploymentPostprocessing = 0;
		};
		3A27BBA52332847500367728 /* Frameworks */ = {
			isa = PBXFrameworksBuildPhase;
			buildActionMask = 2147483647;
			files = (
			);
			runOnlyForDeploymentPostprocessing = 0;
		};
		3A27BBB02332847500367728 /* Frameworks */ = {
			isa = PBXFrameworksBuildPhase;
			buildActionMask = 2147483647;
			files = (
			);
			runOnlyForDeploymentPostprocessing = 0;
		};
/* End PBXFrameworksBuildPhase section */

/* Begin PBXGroup section */
		3A27BB8B2332847400367728 = {
			isa = PBXGroup;
			children = (
				3A27BB962332847400367728 /* gameConcentrate */,
				3A27BBAB2332847500367728 /* gameConcentrateTests */,
				3A27BBB62332847500367728 /* gameConcentrateUITests */,
				3A27BB952332847400367728 /* Products */,
			);
			sourceTree = "<group>";
		};
		3A27BB952332847400367728 /* Products */ = {
			isa = PBXGroup;
			children = (
				3A27BB942332847400367728 /* gameConcentrate.app */,
				3A27BBA82332847500367728 /* gameConcentrateTests.xctest */,
				3A27BBB32332847500367728 /* gameConcentrateUITests.xctest */,
			);
			name = Products;
			sourceTree = "<group>";
		};
		3A27BB962332847400367728 /* gameConcentrate */ = {
			isa = PBXGroup;
			children = (
				3A3FA0F72336173D00748729 /* Concentration.swift */,
				3A3FA0F92336183B00748729 /* Card.swift */,
				3A27BB992332847400367728 /* ViewController.swift */,
				3A27BB9B2332847400367728 /* Main.storyboard */,
				3A27BB972332847400367728 /* AppDelegate.swift */,
				3A27BB9E2332847500367728 /* Assets.xcassets */,
				3A27BBA02332847500367728 /* LaunchScreen.storyboard */,
				3A27BBA32332847500367728 /* Info.plist */,
			);
			path = gameConcentrate;
			sourceTree = "<group>";
		};
		3A27BBAB2332847500367728 /* gameConcentrateTests */ = {
			isa = PBXGroup;
			children = (
				3A27BBAC2332847500367728 /* gameConcentrateTests.swift */,
				3A27BBAE2332847500367728 /* Info.plist */,
			);
			path = gameConcentrateTests;
			sourceTree = "<group>";
		};
		3A27BBB62332847500367728 /* gameConcentrateUITests */ = {
			isa = PBXGroup;
			children = (
				3A27BBB72332847500367728 /* gameConcentrateUITests.swift */,
				3A27BBB92332847500367728 /* Info.plist */,
			);
			path = gameConcentrateUITests;
			sourceTree = "<group>";
		};
/* End PBXGroup section */

/* Begin PBXNativeTarget section */
		3A27BB932332847400367728 /* gameConcentrate */ = {
			isa = PBXNativeTarget;
			buildConfigurationList = 3A27BBBC2332847500367728 /* Build configuration list for PBXNativeTarget "gameConcentrate" */;
			buildPhases = (
				3A27BB902332847400367728 /* Sources */,
				3A27BB912332847400367728 /* Frameworks */,
				3A27BB922332847400367728 /* Resources */,
			);
			buildRules = (
			);
			dependencies = (
			);
			name = gameConcentrate;
			productName = gameConcentrate;
			productReference = 3A27BB942332847400367728 /* gameConcentrate.app */;
			productType = "com.apple.product-type.application";
		};
		3A27BBA72332847500367728 /* gameConcentrateTests */ = {
			isa = PBXNativeTarget;
			buildConfigurationList = 3A27BBBF2332847500367728 /* Build configuration list for PBXNativeTarget "gameConcentrateTests" */;
			buildPhases = (
				3A27BBA42332847500367728 /* Sources */,
				3A27BBA52332847500367728 /* Frameworks */,
				3A27BBA62332847500367728 /* Resources */,
			);
			buildRules = (
			);
			dependencies = (
				3A27BBAA2332847500367728 /* PBXTargetDependency */,
			);
			name = gameConcentrateTests;
			productName = gameConcentrateTests;
			productReference = 3A27BBA82332847500367728 /* gameConcentrateTests.xctest */;
			productType = "com.apple.product-type.bundle.unit-test";
		};
		3A27BBB22332847500367728 /* gameConcentrateUITests */ = {
			isa = PBXNativeTarget;
			buildConfigurationList = 3A27BBC22332847500367728 /* Build configuration list for PBXNativeTarget "gameConcentrateUITests" */;
			buildPhases = (
				3A27BBAF2332847500367728 /* Sources */,
				3A27BBB02332847500367728 /* Frameworks */,
				3A27BBB12332847500367728 /* Resources */,
			);
			buildRules = (
			);
			dependencies = (
				3A27BBB52332847500367728 /* PBXTargetDependency */,
			);
			name = gameConcentrateUITests;
			productName = gameConcentrateUITests;
			productReference = 3A27BBB32332847500367728 /* gameConcentrateUITests.xctest */;
			productType = "com.apple.product-type.bundle.ui-testing";
		};
/* End PBXNativeTarget section */

/* Begin PBXProject section */
		3A27BB8C2332847400367728 /* Project object */ = {
			isa = PBXProject;
			attributes = {
				LastSwiftUpdateCheck = 1030;
				LastUpgradeCheck = 1030;
				ORGANIZATIONNAME = "Roman Rakhlin";
				TargetAttributes = {
					3A27BB932332847400367728 = {
						CreatedOnToolsVersion = 10.3;
					};
					3A27BBA72332847500367728 = {
						CreatedOnToolsVersion = 10.3;
						TestTargetID = 3A27BB932332847400367728;
					};
					3A27BBB22332847500367728 = {
						CreatedOnToolsVersion = 10.3;
						TestTargetID = 3A27BB932332847400367728;
					};
				};
			};
			buildConfigurationList = 3A27BB8F2332847400367728 /* Build configuration list for PBXProject "gameConcentrate" */;
			compatibilityVersion = "Xcode 9.3";
			developmentRegion = en;
			hasScannedForEncodings = 0;
			knownRegions = (
				en,
				Base,
			);
			mainGroup = 3A27BB8B2332847400367728;
			productRefGroup = 3A27BB952332847400367728 /* Products */;
			projectDirPath = "";
			projectRoot = "";
			targets = (
				3A27BB932332847400367728 /* gameConcentrate */,
				3A27BBA72332847500367728 /* gameConcentrateTests */,
				3A27BBB22332847500367728 /* gameConcentrateUITests */,
			);
		};
/* End PBXProject section */

/* Begin PBXResourcesBuildPhase section */
		3A27BB922332847400367728 /* Resources */ = {
			isa = PBXResourcesBuildPhase;
			buildActionMask = 2147483647;
			files = (
				3A27BBA22332847500367728 /* LaunchScreen.storyboard in Resources */,
				3A27BB9F2332847500367728 /* Assets.xcassets in Resources */,
				3A27BB9D2332847400367728 /* Main.storyboard in Resources */,
			);
			runOnlyForDeploymentPostprocessing = 0;
		};
		3A27BBA62332847500367728 /* Resources */ = {
			isa = PBXResourcesBuildPhase;
			buildActionMask = 2147483647;
			files = (
			);
			runOnlyForDeploymentPostprocessing = 0;
		};
		3A27BBB12332847500367728 /* Resources */ = {
			isa = PBXResourcesBuildPhase;
			buildActionMask = 2147483647;
			files = (
			);
			runOnlyForDeploymentPostprocessing = 0;
		};
/* End PBXResourcesBuildPhase section */

/* Begin PBXSourcesBuildPhase section */
		3A27BB902332847400367728 /* Sources */ = {
			isa = PBXSourcesBuildPhase;
			buildActionMask = 2147483647;
			files = (
				3A27BB9A2332847400367728 /* ViewController.swift in Sources */,
				3A27BB982332847400367728 /* AppDelegate.swift in Sources */,
				3A3FA0F82336173D00748729 /* Concentration.swift in Sources */,
				3A3FA0FA2336183B00748729 /* Card.swift in Sources */,
			);
			runOnlyForDeploymentPostprocessing = 0;
		};
		3A27BBA42332847500367728 /* Sources */ = {
			isa = PBXSourcesBuildPhase;
			buildActionMask = 2147483647;
			files = (
				3A27BBAD2332847500367728 /* gameConcentrateTests.swift in Sources */,
			);
			runOnlyForDeploymentPostprocessing = 0;
		};
		3A27BBAF2332847500367728 /* Sources */ = {
			isa = PBXSourcesBuildPhase;
			buildActionMask = 2147483647;
			files = (
				3A27BBB82332847500367728 /* gameConcentrateUITests.swift in Sources */,
			);
			runOnlyForDeploymentPostprocessing = 0;
		};
/* End PBXSourcesBuildPhase section */

/* Begin PBXTargetDependency section */
		3A27BBAA2332847500367728 /* PBXTargetDependency */ = {
			isa = PBXTargetDependency;
			target = 3A27BB932332847400367728 /* gameConcentrate */;
			targetProxy = 3A27BBA92332847500367728 /* PBXContainerItemProxy */;
		};
		3A27BBB52332847500367728 /* PBXTargetDependency */ = {
			isa = PBXTargetDependency;
			target = 3A27BB932332847400367728 /* gameConcentrate */;
			targetProxy = 3A27BBB42332847500367728 /* PBXContainerItemProxy */;
		};
/* End PBXTargetDependency section */

/* Begin PBXVariantGroup section */
		3A27BB9B2332847400367728 /* Main.storyboard */ = {
			isa = PBXVariantGroup;
			children = (
				3A27BB9C2332847400367728 /* Base */,
			);
			name = Main.storyboard;
			sourceTree = "<group>";
		};
		3A27BBA02332847500367728 /* LaunchScreen.storyboard */ = {
			isa = PBXVariantGroup;
			children = (
				3A27BBA12332847500367728 /* Base */,
			);
			name = LaunchScreen.storyboard;
			sourceTree = "<group>";
		};
/* End PBXVariantGroup section */

/* Begin XCBuildConfiguration section */
		3A27BBBA2332847500367728 /* Debug */ = {
			isa = XCBuildConfiguration;
			buildSettings = {
				ALWAYS_SEARCH_USER_PATHS = NO;
				CLANG_ANALYZER_NONNULL = YES;
				CLANG_ANALYZER_NUMBER_OBJECT_CONVERSION = YES_AGGRESSIVE;
				CLANG_CXX_LANGUAGE_STANDARD = "gnu++14";
				CLANG_CXX_LIBRARY = "libc++";
				CLANG_ENABLE_MODULES = YES;
				CLANG_ENABLE_OBJC_ARC = YES;
				CLANG_ENABLE_OBJC_WEAK = YES;
				CLANG_WARN_BLOCK_CAPTURE_AUTORELEASING = YES;
				CLANG_WARN_BOOL_CONVERSION = YES;
				CLANG_WARN_COMMA = YES;
				CLANG_WARN_CONSTANT_CONVERSION = YES;
				CLANG_WARN_DEPRECATED_OBJC_IMPLEMENTATIONS = YES;
				CLANG_WARN_DIRECT_OBJC_ISA_USAGE = YES_ERROR;
				CLANG_WARN_DOCUMENTATION_COMMENTS = YES;
				CLANG_WARN_EMPTY_BODY = YES;
				CLANG_WARN_ENUM_CONVERSION = YES;
				CLANG_WARN_INFINITE_RECURSION = YES;
				CLANG_WARN_INT_CONVERSION = YES;
				CLANG_WARN_NON_LITERAL_NULL_CONVERSION = YES;
				CLANG_WARN_OBJC_IMPLICIT_RETAIN_SELF = YES;
				CLANG_WARN_OBJC_LITERAL_CONVERSION = YES;
				CLANG_WARN_OBJC_ROOT_CLASS = YES_ERROR;
				CLANG_WARN_RANGE_LOOP_ANALYSIS = YES;
				CLANG_WARN_STRICT_PROTOTYPES = YES;
				CLANG_WARN_SUSPICIOUS_MOVE = YES;
				CLANG_WARN_UNGUARDED_AVAILABILITY = YES_AGGRESSIVE;
				CLANG_WARN_UNREACHABLE_CODE = YES;
				CLANG_WARN__DUPLICATE_METHOD_MATCH = YES;
				CODE_SIGN_IDENTITY = "iPhone Developer";
				COPY_PHASE_STRIP = NO;
				DEBUG_INFORMATION_FORMAT = dwarf;
				ENABLE_STRICT_OBJC_MSGSEND = YES;
				ENABLE_TESTABILITY = YES;
				GCC_C_LANGUAGE_STANDARD = gnu11;
				GCC_DYNAMIC_NO_PIC = NO;
				GCC_NO_COMMON_BLOCKS = YES;
				GCC_OPTIMIZATION_LEVEL = 0;
				GCC_PREPROCESSOR_DEFINITIONS = (
					"DEBUG=1",
					"$(inherited)",
				);
				GCC_WARN_64_TO_32_BIT_CONVERSION = YES;
				GCC_WARN_ABOUT_RETURN_TYPE = YES_ERROR;
				GCC_WARN_UNDECLARED_SELECTOR = YES;
				GCC_WARN_UNINITIALIZED_AUTOS = YES_AGGRESSIVE;
				GCC_WARN_UNUSED_FUNCTION = YES;
				GCC_WARN_UNUSED_VARIABLE = YES;
				IPHONEOS_DEPLOYMENT_TARGET = 12.4;
				MTL_ENABLE_DEBUG_INFO = INCLUDE_SOURCE;
				MTL_FAST_MATH = YES;
				ONLY_ACTIVE_ARCH = YES;
				SDKROOT = iphoneos;
				SWIFT_ACTIVE_COMPILATION_CONDITIONS = DEBUG;
				SWIFT_OPTIMIZATION_LEVEL = "-Onone";
			};
			name = Debug;
		};
		3A27BBBB2332847500367728 /* Release */ = {
			isa = XCBuildConfiguration;
			buildSettings = {
				ALWAYS_SEARCH_USER_PATHS = NO;
				CLANG_ANALYZER_NONNULL = YES;
				CLANG_ANALYZER_NUMBER_OBJECT_CONVERSION = YES_AGGRESSIVE;
				CLANG_CXX_LANGUAGE_STANDARD = "gnu++14";
				CLANG_CXX_LIBRARY = "libc++";
				CLANG_ENABLE_MODULES = YES;
				CLANG_ENABLE_OBJC_ARC = YES;
				CLANG_ENABLE_OBJC_WEAK = YES;
				CLANG_WARN_BLOCK_CAPTURE_AUTORELEASING = YES;
				CLANG_WARN_BOOL_CONVERSION = YES;
				CLANG_WARN_COMMA = YES;
				CLANG_WARN_CONSTANT_CONVERSION = YES;
				CLANG_WARN_DEPRECATED_OBJC_IMPLEMENTATIONS = YES;
				CLANG_WARN_DIRECT_OBJC_ISA_USAGE = YES_ERROR;
				CLANG_WARN_DOCUMENTATION_COMMENTS = YES;
				CLANG_WARN_EMPTY_BODY = YES;
				CLANG_WARN_ENUM_CONVERSION = YES;
				CLANG_WARN_INFINITE_RECURSION = YES;
				CLANG_WARN_INT_CONVERSION = YES;
				CLANG_WARN_NON_LITERAL_NULL_CONVERSION = YES;
				CLANG_WARN_OBJC_IMPLICIT_RETAIN_SELF = YES;
				CLANG_WARN_OBJC_LITERAL_CONVERSION = YES;
				CLANG_WARN_OBJC_ROOT_CLASS = YES_ERROR;
				CLANG_WARN_RANGE_LOOP_ANALYSIS = YES;
				CLANG_WARN_STRICT_PROTOTYPES = YES;
				CLANG_WARN_SUSPICIOUS_MOVE = YES;
				CLANG_WARN_UNGUARDED_AVAILABILITY = YES_AGGRESSIVE;
				CLANG_WARN_UNREACHABLE_CODE = YES;
				CLANG_WARN__DUPLICATE_METHOD_MATCH = YES;
				CODE_SIGN_IDENTITY = "iPhone Developer";
				COPY_PHASE_STRIP = NO;
				DEBUG_INFORMATION_FORMAT = "dwarf-with-dsym";
				ENABLE_NS_ASSERTIONS = NO;
				ENABLE_STRICT_OBJC_MSGSEND = YES;
				GCC_C_LANGUAGE_STANDARD = gnu11;
				GCC_NO_COMMON_BLOCKS = YES;
				GCC_WARN_64_TO_32_BIT_CONVERSION = YES;
				GCC_WARN_ABOUT_RETURN_TYPE = YES_ERROR;
				GCC_WARN_UNDECLARED_SELECTOR = YES;
				GCC_WARN_UNINITIALIZED_AUTOS = YES_AGGRESSIVE;
				GCC_WARN_UNUSED_FUNCTION = YES;
				GCC_WARN_UNUSED_VARIABLE = YES;
				IPHONEOS_DEPLOYMENT_TARGET = 12.4;
				MTL_ENABLE_DEBUG_INFO = NO;
				MTL_FAST_MATH = YES;
				SDKROOT = iphoneos;
				SWIFT_COMPILATION_MODE = wholemodule;
				SWIFT_OPTIMIZATION_LEVEL = "-O";
				VALIDATE_PRODUCT = YES;
			};
			name = Release;
		};
		3A27BBBD2332847500367728 /* Debug */ = {
			isa = XCBuildConfiguration;
			buildSettings = {
				ASSETCATALOG_COMPILER_APPICON_NAME = AppIcon;
				CODE_SIGN_STYLE = Automatic;
				DEVELOPMENT_TEAM = 3868R87QJX;
				INFOPLIST_FILE = gameConcentrate/Info.plist;
				LD_RUNPATH_SEARCH_PATHS = (
					"$(inherited)",
					"@executable_path/Frameworks",
				);
				PRODUCT_BUNDLE_IDENTIFIER = com.rrakhlin.gameConcentrate;
				PRODUCT_NAME = "$(TARGET_NAME)";
				SWIFT_VERSION = 5.0;
				TARGETED_DEVICE_FAMILY = "1,2";
			};
			name = Debug;
		};
		3A27BBBE2332847500367728 /* Release */ = {
			isa = XCBuildConfiguration;
			buildSettings = {
				ASSETCATALOG_COMPILER_APPICON_NAME = AppIcon;
				CODE_SIGN_STYLE = Automatic;
				DEVELOPMENT_TEAM = 3868R87QJX;
				INFOPLIST_FILE = gameConcentrate/Info.plist;
				LD_RUNPATH_SEARCH_PATHS = (
					"$(inherited)",
					"@executable_path/Frameworks",
				);
				PRODUCT_BUNDLE_IDENTIFIER = com.rrakhlin.gameConcentrate;
				PRODUCT_NAME = "$(TARGET_NAME)";
				SWIFT_VERSION = 5.0;
				TARGETED_DEVICE_FAMILY = "1,2";
			};
			name = Release;
		};
		3A27BBC02332847500367728 /* Debug */ = {
			isa = XCBuildConfiguration;
			buildSettings = {
				ALWAYS_EMBED_SWIFT_STANDARD_LIBRARIES = YES;
				BUNDLE_LOADER = "$(TEST_HOST)";
				CODE_SIGN_STYLE = Automatic;
				DEVELOPMENT_TEAM = 3868R87QJX;
				INFOPLIST_FILE = gameConcentrateTests/Info.plist;
				LD_RUNPATH_SEARCH_PATHS = (
					"$(inherited)",
					"@executable_path/Frameworks",
					"@loader_path/Frameworks",
				);
				PRODUCT_BUNDLE_IDENTIFIER = com.rrakhlin.gameConcentrateTests;
				PRODUCT_NAME = "$(TARGET_NAME)";
				SWIFT_VERSION = 5.0;
				TARGETED_DEVICE_FAMILY = "1,2";
				TEST_HOST = "$(BUILT_PRODUCTS_DIR)/gameConcentrate.app/gameConcentrate";
			};
			name = Debug;
		};
		3A27BBC12332847500367728 /* Release */ = {
			isa = XCBuildConfiguration;
			buildSettings = {
				ALWAYS_EMBED_SWIFT_STANDARD_LIBRARIES = YES;
				BUNDLE_LOADER = "$(TEST_HOST)";
				CODE_SIGN_STYLE = Automatic;
				DEVELOPMENT_TEAM = 3868R87QJX;
				INFOPLIST_FILE = gameConcentrateTests/Info.plist;
				LD_RUNPATH_SEARCH_PATHS = (
					"$(inherited)",
					"@executable_path/Frameworks",
					"@loader_path/Frameworks",
				);
				PRODUCT_BUNDLE_IDENTIFIER = com.rrakhlin.gameConcentrateTests;
				PRODUCT_NAME = "$(TARGET_NAME)";
				SWIFT_VERSION = 5.0;
				TARGETED_DEVICE_FAMILY = "1,2";
				TEST_HOST = "$(BUILT_PRODUCTS_DIR)/gameConcentrate.app/gameConcentrate";
			};
			name = Release;
		};
		3A27BBC32332847500367728 /* Debug */ = {
			isa = XCBuildConfiguration;
			buildSettings = {
				ALWAYS_EMBED_SWIFT_STANDARD_LIBRARIES = YES;
				CODE_SIGN_STYLE = Automatic;
				DEVELOPMENT_TEAM = 3868R87QJX;
				INFOPLIST_FILE = gameConcentrateUITests/Info.plist;
				LD_RUNPATH_SEARCH_PATHS = (
					"$(inherited)",
					"@executable_path/Frameworks",
					"@loader_path/Frameworks",
				);
				PRODUCT_BUNDLE_IDENTIFIER = com.rrakhlin.gameConcentrateUITests;
				PRODUCT_NAME = "$(TARGET_NAME)";
				SWIFT_VERSION = 5.0;
				TARGETED_DEVICE_FAMILY = "1,2";
				TEST_TARGET_NAME = gameConcentrate;
			};
			name = Debug;
		};
		3A27BBC42332847500367728 /* Release */ = {
			isa = XCBuildConfiguration;
			buildSettings = {
				ALWAYS_EMBED_SWIFT_STANDARD_LIBRARIES = YES;
				CODE_SIGN_STYLE = Automatic;
				DEVELOPMENT_TEAM = 3868R87QJX;
				INFOPLIST_FILE = gameConcentrateUITests/Info.plist;
				LD_RUNPATH_SEARCH_PATHS = (
					"$(inherited)",
					"@executable_path/Frameworks",
					"@loader_path/Frameworks",
				);
				PRODUCT_BUNDLE_IDENTIFIER = com.rrakhlin.gameConcentrateUITests;
				PRODUCT_NAME = "$(TARGET_NAME)";
				SWIFT_VERSION = 5.0;
				TARGETED_DEVICE_FAMILY = "1,2";
				TEST_TARGET_NAME = gameConcentrate;
			};
			name = Release;
		};
/* End XCBuildConfiguration section */

/* Begin XCConfigurationList section */
		3A27BB8F2332847400367728 /* Build configuration list for PBXProject "gameConcentrate" */ = {
			isa = XCConfigurationList;
			buildConfigurations = (
				3A27BBBA2332847500367728 /* Debug */,
				3A27BBBB2332847500367728 /* Release */,
			);
			defaultConfigurationIsVisible = 0;
			defaultConfigurationName = Release;
		};
		3A27BBBC2332847500367728 /* Build configuration list for PBXNativeTarget "gameConcentrate" */ = {
			isa = XCConfigurationList;
			buildConfigurations = (
				3A27BBBD2332847500367728 /* Debug */,
				3A27BBBE2332847500367728 /* Release */,
			);
			defaultConfigurationIsVisible = 0;
			defaultConfigurationName = Release;
		};
		3A27BBBF2332847500367728 /* Build configuration list for PBXNativeTarget "gameConcentrateTests" */ = {
			isa = XCConfigurationList;
			buildConfigurations = (
				3A27BBC02332847500367728 /* Debug */,
				3A27BBC12332847500367728 /* Release */,
			);
			defaultConfigurationIsVisible = 0;
			defaultConfigurationName = Release;
		};
		3A27BBC22332847500367728 /* Build configuration list for PBXNativeTarget "gameConcentrateUITests" */ = {
			isa = XCConfigurationList;
			buildConfigurations = (
				3A27BBC32332847500367728 /* Debug */,
				3A27BBC42332847500367728 /* Release */,
			);
			defaultConfigurationIsVisible = 0;
			defaultConfigurationName = Release;
		};
/* End XCConfigurationList section */
	};
	rootObject = 3A27BB8C2332847400367728 /* Project object */;
}
